
Microsoft Visual Studio Solution File, Format Version 12.00
# Visual Studio 14
VisualStudioVersion = 14.0.25420.1
MinimumVisualStudioVersion = 10.0.40219.1
Project("{8BC9CEB8-8B4A-11D0-8D11-00A0C91BC942}") = "TaskPool", "TaskPool.vcxproj", "{BD209E2B-A936-4EAC-94CD-00A4A5B0C4E9}"
EndProject
Project("{8BC9CEB8-8B4A-11D0-8D11-00A0C91BC942}") = "Test", "Test.vcxproj", "{1B8A9BB2-8767-4E42-843C-9C3EAF56525E}"
	ProjectSection(ProjectDependencies) = postProject
		{BD209E2B-A936-4EAC-94CD-00A4A5B0C4E9} = {BD209E2B-A936-4EAC-94CD-00A4A5B0C4E9}
	EndProjectSection
EndProject
Global
	GlobalSection(SolutionConfigurationPlatforms) = preSolution
		Debug|x64 = Debug|x64
		Debug|x86 = Debug|x86
		Release|x64 = Release|x64
		Release|x86 = Release|x86
	EndGlobalSection
	GlobalSection(ProjectConfigurationPlatforms) = postSolution
		{BD209E2B-A936-4EAC-94CD-00A4A5B0C4E9}.Debug|x64.ActiveCfg = Debug|x64
		{BD209E2B-A936-4EAC-94CD-00A4A5B0C4E9}.Debug|x64.Build.0 = Debug|x64
		{BD209E2B-A936-4EAC-94CD-00A4A5B0C4E9}.Debug|x86.ActiveCfg = Debug|Win32
		{BD209E2B-A936-4EAC-94CD-00A4A5B0C4E9}.Debug|x86.Build.0 = Debug|Win32
		{BD209E2B-A936-4EAC-94CD-00A4A5B0C4E9}.Release|x64.ActiveCfg = Release|x64
		{BD209E2B-A936-4EAC-94CD-00A4A5B0C4E9}.Release|x64.Build.0 = Release|x64
		{BD209E2B-A936-4EAC-94CD-00A4A5B0C4E9}.Release|x86.ActiveCfg = Release|Win32
		{BD209E2B-A936-4EAC-94CD-00A4A5B0C4E9}.Release|x86.Build.0 = Release|Win32
		{1B8A9BB2-8767-4E42-843C-9C3EAF56525E}.Debug|x64.ActiveCfg = Debug|x64
		{1B8A9BB2-8767-4E42-843C-9C3EAF56525E}.Debug|x64.Build.0 = Debug|x64
		{1B8A9BB2-8767-4E42-843C-9C3EAF56525E}.Debug|x86.ActiveCfg = Debug|Win32
		{1B8A9BB2-8767-4E42-843C-9C3EAF56525E}.Debug|x86.Build.0 = Debug|Win32
		{1B8A9BB2-8767-4E42-843C-9C3EAF56525E}.Release|x64.ActiveCfg = Release|x64
		{1B8A9BB2-8767-4E42-843C-9C3EAF56525E}.Release|x64.Build.0 = Release|x64
		{1B8A9BB2-8767-4E42-843C-9C3EAF56525E}.Release|x86.ActiveCfg = Release|Win32
		{1B8A9BB2-8767-4E42-843C-9C3EAF56525E}.Release|x86.Build.0 = Release|Win32
	EndGlobalSection
	GlobalSection(SolutionProperties) = preSolution
		HideSolutionNode = FALSE
	EndGlobalSection
EndGlobal
